
Microsoft Visual Studio Solution File, Format Version 12.00
# Visual Studio Version 17
VisualStudioVersion = 17.4.33403.182
MinimumVisualStudioVersion = 10.0.40219.1
Project("{FAE04EC0-301F-11D3-BF4B-00C04F79EFBC}") = "Almacen2", "Almacen2\Almacen2.csproj", "{D3FE17F1-CD39-45A2-8A2A-7E68323E9103}"
EndProject
Global
	GlobalSection(SolutionConfigurationPlatforms) = preSolution
		Debug|Any CPU = Debug|Any CPU
		Release|Any CPU = Release|Any CPU
	EndGlobalSection
	GlobalSection(ProjectConfigurationPlatforms) = postSolution
		{D3FE17F1-CD39-45A2-8A2A-7E68323E9103}.Debug|Any CPU.ActiveCfg = Debug|Any CPU
		{D3FE17F1-CD39-45A2-8A2A-7E68323E9103}.Debug|Any CPU.Build.0 = Debug|Any CPU
		{D3FE17F1-CD39-45A2-8A2A-7E68323E9103}.Release|Any CPU.ActiveCfg = Release|Any CPU
		{D3FE17F1-CD39-45A2-8A2A-7E68323E9103}.Release|Any CPU.Build.0 = Release|Any CPU
	EndGlobalSection
	GlobalSection(SolutionProperties) = preSolution
		HideSolutionNode = FALSE
	EndGlobalSection
	GlobalSection(ExtensibilityGlobals) = postSolution
		SolutionGuid = {3EB85575-7415-4A0C-AC9F-D88E5A1B9849}
	EndGlobalSection
EndGlobal
